// !$*UTF8*$!
{
	archiveVersion = 1;
	classes = {
	};
	objectVersion = 50;
	objects = {

/* Begin PBXBuildFile section */
		564BBF82221C496D00B73294 /* CounterChildViewController.swift in Sources */ = {isa = PBXBuildFile; fileRef = 564BBF81221C496D00B73294 /* CounterChildViewController.swift */; };
		564BBF87221C5A6900B73294 /* HelloDependency.swift in Sources */ = {isa = PBXBuildFile; fileRef = 564BBF86221C5A6900B73294 /* HelloDependency.swift */; };
		564BBF89221C5AA300B73294 /* HelloDependencyTests.swift in Sources */ = {isa = PBXBuildFile; fileRef = 564BBF88221C5AA300B73294 /* HelloDependencyTests.swift */; };
		565EA39D221D928800A8FBCD /* StoryboardCounterViewController.swift in Sources */ = {isa = PBXBuildFile; fileRef = 565EA39C221D928800A8FBCD /* StoryboardCounterViewController.swift */; };
		565EA39F221D92A600A8FBCD /* StoryboardCounterParentViewController.swift in Sources */ = {isa = PBXBuildFile; fileRef = 565EA39E221D92A600A8FBCD /* StoryboardCounterParentViewController.swift */; };
		565EA3A1221D946100A8FBCD /* StoryboardCounterParentConfigurator.swift in Sources */ = {isa = PBXBuildFile; fileRef = 565EA3A0221D946100A8FBCD /* StoryboardCounterParentConfigurator.swift */; };
		565EA3A3221D94C100A8FBCD /* StoryboardCounterConfigurator.swift in Sources */ = {isa = PBXBuildFile; fileRef = 565EA3A2221D94C100A8FBCD /* StoryboardCounterConfigurator.swift */; };
		565EA3A6221DA5B200A8FBCD /* SecondTableViewController.swift in Sources */ = {isa = PBXBuildFile; fileRef = 565EA3A5221DA5B200A8FBCD /* SecondTableViewController.swift */; };
		565EA3A8221DA5E800A8FBCD /* SecondTableViewCell.swift in Sources */ = {isa = PBXBuildFile; fileRef = 565EA3A7221DA5E800A8FBCD /* SecondTableViewCell.swift */; };
		5667805E22108B80006E4F21 /* IsolatedCounterViewController.swift in Sources */ = {isa = PBXBuildFile; fileRef = 5667805D22108B80006E4F21 /* IsolatedCounterViewController.swift */; };
		566A8FF32215D0C500F3ACBF /* CellDependencyConfigurator.swift in Sources */ = {isa = PBXBuildFile; fileRef = 566A8FF22215D0C500F3ACBF /* CellDependencyConfigurator.swift */; };
		566A8FF52215D24400F3ACBF /* XCTestCase+MemoryLeakTracking.swift in Sources */ = {isa = PBXBuildFile; fileRef = 566A8FF42215D24400F3ACBF /* XCTestCase+MemoryLeakTracking.swift */; };
		566DD6C8220EE18E00C0E41B /* Dependency.swift in Sources */ = {isa = PBXBuildFile; fileRef = 566DD6C7220EE18E00C0E41B /* Dependency.swift */; };
		566DD6CE220EE88E00C0E41B /* HelloDependencyContainerSingleDependencyRegistrationTests.swift in Sources */ = {isa = PBXBuildFile; fileRef = 566DD6CD220EE88E00C0E41B /* HelloDependencyContainerSingleDependencyRegistrationTests.swift */; };
		566DD6D0220EF7C800C0E41B /* SingleDependency.swift in Sources */ = {isa = PBXBuildFile; fileRef = 566DD6CF220EF7C800C0E41B /* SingleDependency.swift */; };
		566DD6D4220F3B3E00C0E41B /* HelloDependencyContainerWeakRegistrationTests.swift in Sources */ = {isa = PBXBuildFile; fileRef = 566DD6D3220F3B3E00C0E41B /* HelloDependencyContainerWeakRegistrationTests.swift */; };
		56806AC2221756AB00AD24C9 /* HelloDependency.framework in Frameworks */ = {isa = PBXBuildFile; fileRef = 56FCBC76220DBFDB0012143A /* HelloDependency.framework */; };
		5698AE312217F14E00C30724 /* LICENSE in Resources */ = {isa = PBXBuildFile; fileRef = 5698AE2F2217F14E00C30724 /* LICENSE */; };
		5698AE322217F14E00C30724 /* README.md in Resources */ = {isa = PBXBuildFile; fileRef = 5698AE302217F14E00C30724 /* README.md */; };
		5698AE342217F15F00C30724 /* HelloDependency.podspec in Resources */ = {isa = PBXBuildFile; fileRef = 5698AE332217F15F00C30724 /* HelloDependency.podspec */; };
		5698AE362217F19500C30724 /* .travis.yml in Resources */ = {isa = PBXBuildFile; fileRef = 5698AE352217F19500C30724 /* .travis.yml */; };
		5698AE3F2217F52200C30724 /* AppDelegate.swift in Sources */ = {isa = PBXBuildFile; fileRef = 5698AE3E2217F52200C30724 /* AppDelegate.swift */; };
		5698AE512217F70E00C30724 /* Default-568h@2x.png in Resources */ = {isa = PBXBuildFile; fileRef = 5698AE502217F70E00C30724 /* Default-568h@2x.png */; };
		5698AE572218147B00C30724 /* XCTestCase+HelloDependency.swift in Sources */ = {isa = PBXBuildFile; fileRef = 5698AE552218147800C30724 /* XCTestCase+HelloDependency.swift */; };
		5698AE5A2218192E00C30724 /* XCTestCase+.swift in Sources */ = {isa = PBXBuildFile; fileRef = 5698AE592218192E00C30724 /* XCTestCase+.swift */; };
		5698AE5C22181AE200C30724 /* DependencyContainerTests.swift in Sources */ = {isa = PBXBuildFile; fileRef = 5698AE5B22181AE200C30724 /* DependencyContainerTests.swift */; };
		5698AE5E221852B500C30724 /* CellDependencyConfiguratorTests.swift in Sources */ = {isa = PBXBuildFile; fileRef = 566A8FF0221589AA00F3ACBF /* CellDependencyConfiguratorTests.swift */; };
		5698AE6422193EBC00C30724 /* CellDependencyHolder.swift in Sources */ = {isa = PBXBuildFile; fileRef = 5698AE6222193EB800C30724 /* CellDependencyHolder.swift */; };
		5698AE662219429200C30724 /* ArgumentsContainer.swift in Sources */ = {isa = PBXBuildFile; fileRef = 5698AE652219429200C30724 /* ArgumentsContainer.swift */; };
		5698AE682219432700C30724 /* CellDependency.swift in Sources */ = {isa = PBXBuildFile; fileRef = 5698AE672219432700C30724 /* CellDependency.swift */; };
		5698AE6B22194AEB00C30724 /* CellDoubles.swift in Sources */ = {isa = PBXBuildFile; fileRef = 5698AE69221949FD00C30724 /* CellDoubles.swift */; };
		569D850322101C1B00043BC2 /* CounterViewController.swift in Sources */ = {isa = PBXBuildFile; fileRef = 569D850222101C1B00043BC2 /* CounterViewController.swift */; };
		569D850522101CF800043BC2 /* CounterViewEventHandler.swift in Sources */ = {isa = PBXBuildFile; fileRef = 569D850422101CF800043BC2 /* CounterViewEventHandler.swift */; };
		569D85072210459F00043BC2 /* CounterParentViewController.swift in Sources */ = {isa = PBXBuildFile; fileRef = 569D85062210459F00043BC2 /* CounterParentViewController.swift */; };
		56B58D8D22107159003E61DF /* UIKitDependencyHelper.framework in Frameworks */ = {isa = PBXBuildFile; fileRef = 56B58D8422107159003E61DF /* UIKitDependencyHelper.framework */; };
		56B58D9922107159003E61DF /* UIKitDependencyHelper.framework in Frameworks */ = {isa = PBXBuildFile; fileRef = 56B58D8422107159003E61DF /* UIKitDependencyHelper.framework */; };
		56B58D9A22107159003E61DF /* UIKitDependencyHelper.framework in Embed Frameworks */ = {isa = PBXBuildFile; fileRef = 56B58D8422107159003E61DF /* UIKitDependencyHelper.framework */; settings = {ATTRIBUTES = (CodeSignOnCopy, RemoveHeadersOnCopy, ); }; };
		56C2C2A62212F86100C521A9 /* TableDataSource.swift in Sources */ = {isa = PBXBuildFile; fileRef = 56C2C2A52212F86100C521A9 /* TableDataSource.swift */; };
		56C2C2AD2212FC4200C521A9 /* CounterTableViewCell.swift in Sources */ = {isa = PBXBuildFile; fileRef = 56C2C2AB2212FC4200C521A9 /* CounterTableViewCell.swift */; };
		56C2C2AE2212FC4200C521A9 /* CounterTableViewCell.xib in Resources */ = {isa = PBXBuildFile; fileRef = 56C2C2AC2212FC4200C521A9 /* CounterTableViewCell.xib */; };
		56C2C2B02213007000C521A9 /* TableViewController.swift in Sources */ = {isa = PBXBuildFile; fileRef = 56C2C2AF2213007000C521A9 /* TableViewController.swift */; };
		56C2C2B22213022B00C521A9 /* CellViewController.swift in Sources */ = {isa = PBXBuildFile; fileRef = 56C2C2B12213022B00C521A9 /* CellViewController.swift */; };
		56C2C2B42213040B00C521A9 /* CellViewEventHandler.swift in Sources */ = {isa = PBXBuildFile; fileRef = 56C2C2B32213040B00C521A9 /* CellViewEventHandler.swift */; };
		56C2C2B62213056700C521A9 /* TableRepository.swift in Sources */ = {isa = PBXBuildFile; fileRef = 56C2C2B52213056700C521A9 /* TableRepository.swift */; };
		56C2C2B822132D2800C521A9 /* TableViewConfiguration.swift in Sources */ = {isa = PBXBuildFile; fileRef = 56C2C2B722132D2800C521A9 /* TableViewConfiguration.swift */; };
		56C2C2BA221330A200C521A9 /* CellContentEmbeddedChildViewController.swift in Sources */ = {isa = PBXBuildFile; fileRef = 56C2C2B9221330A200C521A9 /* CellContentEmbeddedChildViewController.swift */; };
		56DC865F221D791B006CE23B /* DependencyProxy.swift in Sources */ = {isa = PBXBuildFile; fileRef = 5667805B221089EC006E4F21 /* DependencyProxy.swift */; };
		56DC8660221D791D006CE23B /* DependencyProxyManager.swift in Sources */ = {isa = PBXBuildFile; fileRef = 564BBF7F221C41B800B73294 /* DependencyProxyManager.swift */; };
		56DC8661221D7930006CE23B /* DependencyProxyManagerTests.swift in Sources */ = {isa = PBXBuildFile; fileRef = 56B58D9322107159003E61DF /* DependencyProxyManagerTests.swift */; };
		56ECB974221D898000CBDF1D /* WeakBox.swift in Sources */ = {isa = PBXBuildFile; fileRef = 5667806322108EA4006E4F21 /* WeakBox.swift */; };
		56FCBC5E220DBF440012143A /* AppDelegate.swift in Sources */ = {isa = PBXBuildFile; fileRef = 56FCBC5D220DBF440012143A /* AppDelegate.swift */; };
		56FCBC63220DBF440012143A /* Main.storyboard in Resources */ = {isa = PBXBuildFile; fileRef = 56FCBC61220DBF440012143A /* Main.storyboard */; };
		56FCBC65220DBF450012143A /* Assets.xcassets in Resources */ = {isa = PBXBuildFile; fileRef = 56FCBC64220DBF450012143A /* Assets.xcassets */; };
		56FCBC68220DBF450012143A /* LaunchScreen.storyboard in Resources */ = {isa = PBXBuildFile; fileRef = 56FCBC66220DBF450012143A /* LaunchScreen.storyboard */; };
		56FCBC7D220DBFDB0012143A /* HelloDependency.framework in Frameworks */ = {isa = PBXBuildFile; fileRef = 56FCBC76220DBFDB0012143A /* HelloDependency.framework */; };
		56FCBC7E220DBFDB0012143A /* HelloDependency.framework in Embed Frameworks */ = {isa = PBXBuildFile; fileRef = 56FCBC76220DBFDB0012143A /* HelloDependency.framework */; settings = {ATTRIBUTES = (CodeSignOnCopy, RemoveHeadersOnCopy, ); }; };
		56FCBC90220DC1250012143A /* HelloDependencyContainerTests.swift in Sources */ = {isa = PBXBuildFile; fileRef = 56FCBC8F220DC1250012143A /* HelloDependencyContainerTests.swift */; };
		56FCBC92220DC1E10012143A /* HelloDependencyContainer.swift in Sources */ = {isa = PBXBuildFile; fileRef = 56FCBC91220DC1E10012143A /* HelloDependencyContainer.swift */; };
		56FCBC94220DC25A0012143A /* HelloDependency.framework in Frameworks */ = {isa = PBXBuildFile; fileRef = 56FCBC76220DBFDB0012143A /* HelloDependency.framework */; };
/* End PBXBuildFile section */

/* Begin PBXContainerItemProxy section */
		5698AE522217F8C100C30724 /* PBXContainerItemProxy */ = {
			isa = PBXContainerItemProxy;
			containerPortal = 56FCBC52220DBF430012143A /* Project object */;
			proxyType = 1;
			remoteGlobalIDString = 5698AE3B2217F52200C30724;
			remoteInfo = Host;
		};
		56B58D9722107159003E61DF /* PBXContainerItemProxy */ = {
			isa = PBXContainerItemProxy;
			containerPortal = 56FCBC52220DBF430012143A /* Project object */;
			proxyType = 1;
			remoteGlobalIDString = 56B58D8322107159003E61DF;
			remoteInfo = IOSDependencyContainer;
		};
		56FCBC7B220DBFDB0012143A /* PBXContainerItemProxy */ = {
			isa = PBXContainerItemProxy;
			containerPortal = 56FCBC52220DBF430012143A /* Project object */;
			proxyType = 1;
			remoteGlobalIDString = 56FCBC75220DBFDB0012143A;
			remoteInfo = HDependency;
		};
/* End PBXContainerItemProxy section */

/* Begin PBXCopyFilesBuildPhase section */
		56FCBC82220DBFDB0012143A /* Embed Frameworks */ = {
			isa = PBXCopyFilesBuildPhase;
			buildActionMask = 2147483647;
			dstPath = "";
			dstSubfolderSpec = 10;
			files = (
				56B58D9A22107159003E61DF /* UIKitDependencyHelper.framework in Embed Frameworks */,
				56FCBC7E220DBFDB0012143A /* HelloDependency.framework in Embed Frameworks */,
			);
			name = "Embed Frameworks";
			runOnlyForDeploymentPostprocessing = 0;
		};
/* End PBXCopyFilesBuildPhase section */

/* Begin PBXFileReference section */
		564BBF7F221C41B800B73294 /* DependencyProxyManager.swift */ = {isa = PBXFileReference; fileEncoding = 4; lastKnownFileType = sourcecode.swift; path = DependencyProxyManager.swift; sourceTree = "<group>"; };
		564BBF81221C496D00B73294 /* CounterChildViewController.swift */ = {isa = PBXFileReference; lastKnownFileType = sourcecode.swift; path = CounterChildViewController.swift; sourceTree = "<group>"; };
		564BBF86221C5A6900B73294 /* HelloDependency.swift */ = {isa = PBXFileReference; lastKnownFileType = sourcecode.swift; path = HelloDependency.swift; sourceTree = "<group>"; };
		564BBF88221C5AA300B73294 /* HelloDependencyTests.swift */ = {isa = PBXFileReference; lastKnownFileType = sourcecode.swift; path = HelloDependencyTests.swift; sourceTree = "<group>"; };
		565EA39C221D928800A8FBCD /* StoryboardCounterViewController.swift */ = {isa = PBXFileReference; lastKnownFileType = sourcecode.swift; path = StoryboardCounterViewController.swift; sourceTree = "<group>"; };
		565EA39E221D92A600A8FBCD /* StoryboardCounterParentViewController.swift */ = {isa = PBXFileReference; lastKnownFileType = sourcecode.swift; path = StoryboardCounterParentViewController.swift; sourceTree = "<group>"; };
		565EA3A0221D946100A8FBCD /* StoryboardCounterParentConfigurator.swift */ = {isa = PBXFileReference; lastKnownFileType = sourcecode.swift; path = StoryboardCounterParentConfigurator.swift; sourceTree = "<group>"; };
		565EA3A2221D94C100A8FBCD /* StoryboardCounterConfigurator.swift */ = {isa = PBXFileReference; lastKnownFileType = sourcecode.swift; path = StoryboardCounterConfigurator.swift; sourceTree = "<group>"; };
		565EA3A5221DA5B200A8FBCD /* SecondTableViewController.swift */ = {isa = PBXFileReference; lastKnownFileType = sourcecode.swift; path = SecondTableViewController.swift; sourceTree = "<group>"; };
		565EA3A7221DA5E800A8FBCD /* SecondTableViewCell.swift */ = {isa = PBXFileReference; lastKnownFileType = sourcecode.swift; path = SecondTableViewCell.swift; sourceTree = "<group>"; };
		5667805B221089EC006E4F21 /* DependencyProxy.swift */ = {isa = PBXFileReference; lastKnownFileType = sourcecode.swift; path = DependencyProxy.swift; sourceTree = "<group>"; };
		5667805D22108B80006E4F21 /* IsolatedCounterViewController.swift */ = {isa = PBXFileReference; lastKnownFileType = sourcecode.swift; path = IsolatedCounterViewController.swift; sourceTree = "<group>"; };
		5667806322108EA4006E4F21 /* WeakBox.swift */ = {isa = PBXFileReference; lastKnownFileType = sourcecode.swift; path = WeakBox.swift; sourceTree = "<group>"; };
		566A8FF0221589AA00F3ACBF /* CellDependencyConfiguratorTests.swift */ = {isa = PBXFileReference; lastKnownFileType = sourcecode.swift; path = CellDependencyConfiguratorTests.swift; sourceTree = "<group>"; };
		566A8FF22215D0C500F3ACBF /* CellDependencyConfigurator.swift */ = {isa = PBXFileReference; lastKnownFileType = sourcecode.swift; path = CellDependencyConfigurator.swift; sourceTree = "<group>"; };
		566A8FF42215D24400F3ACBF /* XCTestCase+MemoryLeakTracking.swift */ = {isa = PBXFileReference; lastKnownFileType = sourcecode.swift; path = "XCTestCase+MemoryLeakTracking.swift"; sourceTree = "<group>"; };
		566DD6C7220EE18E00C0E41B /* Dependency.swift */ = {isa = PBXFileReference; lastKnownFileType = sourcecode.swift; path = Dependency.swift; sourceTree = "<group>"; };
		566DD6CD220EE88E00C0E41B /* HelloDependencyContainerSingleDependencyRegistrationTests.swift */ = {isa = PBXFileReference; lastKnownFileType = sourcecode.swift; path = HelloDependencyContainerSingleDependencyRegistrationTests.swift; sourceTree = "<group>"; };
		566DD6CF220EF7C800C0E41B /* SingleDependency.swift */ = {isa = PBXFileReference; lastKnownFileType = sourcecode.swift; path = SingleDependency.swift; sourceTree = "<group>"; };
		566DD6D3220F3B3E00C0E41B /* HelloDependencyContainerWeakRegistrationTests.swift */ = {isa = PBXFileReference; lastKnownFileType = sourcecode.swift; path = HelloDependencyContainerWeakRegistrationTests.swift; sourceTree = "<group>"; };
		5698AE2F2217F14E00C30724 /* LICENSE */ = {isa = PBXFileReference; fileEncoding = 4; lastKnownFileType = text; path = LICENSE; sourceTree = "<group>"; };
		5698AE302217F14E00C30724 /* README.md */ = {isa = PBXFileReference; fileEncoding = 4; lastKnownFileType = net.daringfireball.markdown; path = README.md; sourceTree = "<group>"; };
		5698AE332217F15F00C30724 /* HelloDependency.podspec */ = {isa = PBXFileReference; fileEncoding = 4; lastKnownFileType = text; path = HelloDependency.podspec; sourceTree = "<group>"; };
		5698AE352217F19500C30724 /* .travis.yml */ = {isa = PBXFileReference; fileEncoding = 4; lastKnownFileType = text; path = .travis.yml; sourceTree = "<group>"; };
		5698AE3C2217F52200C30724 /* Host.app */ = {isa = PBXFileReference; explicitFileType = wrapper.application; includeInIndex = 0; path = Host.app; sourceTree = BUILT_PRODUCTS_DIR; };
		5698AE3E2217F52200C30724 /* AppDelegate.swift */ = {isa = PBXFileReference; lastKnownFileType = sourcecode.swift; path = AppDelegate.swift; sourceTree = "<group>"; };
		5698AE4A2217F52300C30724 /* Info.plist */ = {isa = PBXFileReference; lastKnownFileType = text.plist.xml; path = Info.plist; sourceTree = "<group>"; };
		5698AE502217F70E00C30724 /* Default-568h@2x.png */ = {isa = PBXFileReference; lastKnownFileType = image.png; path = "Default-568h@2x.png"; sourceTree = "<group>"; };
		5698AE552218147800C30724 /* XCTestCase+HelloDependency.swift */ = {isa = PBXFileReference; lastKnownFileType = sourcecode.swift; path = "XCTestCase+HelloDependency.swift"; sourceTree = "<group>"; };
		5698AE592218192E00C30724 /* XCTestCase+.swift */ = {isa = PBXFileReference; lastKnownFileType = sourcecode.swift; path = "XCTestCase+.swift"; sourceTree = "<group>"; };
		5698AE5B22181AE200C30724 /* DependencyContainerTests.swift */ = {isa = PBXFileReference; lastKnownFileType = sourcecode.swift; path = DependencyContainerTests.swift; sourceTree = "<group>"; };
		5698AE6222193EB800C30724 /* CellDependencyHolder.swift */ = {isa = PBXFileReference; lastKnownFileType = sourcecode.swift; path = CellDependencyHolder.swift; sourceTree = "<group>"; };
		5698AE652219429200C30724 /* ArgumentsContainer.swift */ = {isa = PBXFileReference; lastKnownFileType = sourcecode.swift; path = ArgumentsContainer.swift; sourceTree = "<group>"; };
		5698AE672219432700C30724 /* CellDependency.swift */ = {isa = PBXFileReference; lastKnownFileType = sourcecode.swift; path = CellDependency.swift; sourceTree = "<group>"; };
		5698AE69221949FD00C30724 /* CellDoubles.swift */ = {isa = PBXFileReference; lastKnownFileType = sourcecode.swift; path = CellDoubles.swift; sourceTree = "<group>"; };
		569D850222101C1B00043BC2 /* CounterViewController.swift */ = {isa = PBXFileReference; lastKnownFileType = sourcecode.swift; path = CounterViewController.swift; sourceTree = "<group>"; };
		569D850422101CF800043BC2 /* CounterViewEventHandler.swift */ = {isa = PBXFileReference; lastKnownFileType = sourcecode.swift; path = CounterViewEventHandler.swift; sourceTree = "<group>"; };
		569D85062210459F00043BC2 /* CounterParentViewController.swift */ = {isa = PBXFileReference; lastKnownFileType = sourcecode.swift; path = CounterParentViewController.swift; sourceTree = "<group>"; };
		56B58D8422107159003E61DF /* UIKitDependencyHelper.framework */ = {isa = PBXFileReference; explicitFileType = wrapper.framework; includeInIndex = 0; path = UIKitDependencyHelper.framework; sourceTree = BUILT_PRODUCTS_DIR; };
		56B58D8C22107159003E61DF /* UIKitDependencyHelperTests.xctest */ = {isa = PBXFileReference; explicitFileType = wrapper.cfbundle; includeInIndex = 0; path = UIKitDependencyHelperTests.xctest; sourceTree = BUILT_PRODUCTS_DIR; };
		56B58D9322107159003E61DF /* DependencyProxyManagerTests.swift */ = {isa = PBXFileReference; lastKnownFileType = sourcecode.swift; path = DependencyProxyManagerTests.swift; sourceTree = "<group>"; };
		56B58D9522107159003E61DF /* HelloContainerTestsInfo.plist */ = {isa = PBXFileReference; lastKnownFileType = text.plist.xml; path = HelloContainerTestsInfo.plist; sourceTree = "<group>"; };
		56C2C2A52212F86100C521A9 /* TableDataSource.swift */ = {isa = PBXFileReference; lastKnownFileType = sourcecode.swift; path = TableDataSource.swift; sourceTree = "<group>"; };
		56C2C2AB2212FC4200C521A9 /* CounterTableViewCell.swift */ = {isa = PBXFileReference; lastKnownFileType = sourcecode.swift; path = CounterTableViewCell.swift; sourceTree = "<group>"; };
		56C2C2AC2212FC4200C521A9 /* CounterTableViewCell.xib */ = {isa = PBXFileReference; lastKnownFileType = file.xib; path = CounterTableViewCell.xib; sourceTree = "<group>"; };
		56C2C2AF2213007000C521A9 /* TableViewController.swift */ = {isa = PBXFileReference; lastKnownFileType = sourcecode.swift; path = TableViewController.swift; sourceTree = "<group>"; };
		56C2C2B12213022B00C521A9 /* CellViewController.swift */ = {isa = PBXFileReference; lastKnownFileType = sourcecode.swift; path = CellViewController.swift; sourceTree = "<group>"; };
		56C2C2B32213040B00C521A9 /* CellViewEventHandler.swift */ = {isa = PBXFileReference; lastKnownFileType = sourcecode.swift; path = CellViewEventHandler.swift; sourceTree = "<group>"; };
		56C2C2B52213056700C521A9 /* TableRepository.swift */ = {isa = PBXFileReference; lastKnownFileType = sourcecode.swift; path = TableRepository.swift; sourceTree = "<group>"; };
		56C2C2B722132D2800C521A9 /* TableViewConfiguration.swift */ = {isa = PBXFileReference; lastKnownFileType = sourcecode.swift; path = TableViewConfiguration.swift; sourceTree = "<group>"; };
		56C2C2B9221330A200C521A9 /* CellContentEmbeddedChildViewController.swift */ = {isa = PBXFileReference; lastKnownFileType = sourcecode.swift; path = CellContentEmbeddedChildViewController.swift; sourceTree = "<group>"; };
		56FCBC5A220DBF440012143A /* Demo.app */ = {isa = PBXFileReference; explicitFileType = wrapper.application; includeInIndex = 0; path = Demo.app; sourceTree = BUILT_PRODUCTS_DIR; };
		56FCBC5D220DBF440012143A /* AppDelegate.swift */ = {isa = PBXFileReference; lastKnownFileType = sourcecode.swift; path = AppDelegate.swift; sourceTree = "<group>"; };
		56FCBC62220DBF440012143A /* Base */ = {isa = PBXFileReference; lastKnownFileType = file.storyboard; name = Base; path = Base.lproj/Main.storyboard; sourceTree = "<group>"; };
		56FCBC64220DBF450012143A /* Assets.xcassets */ = {isa = PBXFileReference; lastKnownFileType = folder.assetcatalog; path = Assets.xcassets; sourceTree = "<group>"; };
		56FCBC67220DBF450012143A /* Base */ = {isa = PBXFileReference; lastKnownFileType = file.storyboard; name = Base; path = Base.lproj/LaunchScreen.storyboard; sourceTree = "<group>"; };
		56FCBC69220DBF450012143A /* Info.plist */ = {isa = PBXFileReference; lastKnownFileType = text.plist.xml; path = Info.plist; sourceTree = "<group>"; };
		56FCBC76220DBFDB0012143A /* HelloDependency.framework */ = {isa = PBXFileReference; explicitFileType = wrapper.framework; includeInIndex = 0; path = HelloDependency.framework; sourceTree = BUILT_PRODUCTS_DIR; };
		56FCBC79220DBFDB0012143A /* Info.plist */ = {isa = PBXFileReference; lastKnownFileType = text.plist.xml; path = Info.plist; sourceTree = "<group>"; };
		56FCBC87220DC0D10012143A /* HelloDependencyTests.xctest */ = {isa = PBXFileReference; explicitFileType = wrapper.cfbundle; includeInIndex = 0; path = HelloDependencyTests.xctest; sourceTree = BUILT_PRODUCTS_DIR; };
		56FCBC8B220DC0D10012143A /* HelloDependencyTestsInfo.plist */ = {isa = PBXFileReference; lastKnownFileType = text.plist.xml; path = HelloDependencyTestsInfo.plist; sourceTree = "<group>"; };
		56FCBC8F220DC1250012143A /* HelloDependencyContainerTests.swift */ = {isa = PBXFileReference; lastKnownFileType = sourcecode.swift; path = HelloDependencyContainerTests.swift; sourceTree = "<group>"; };
		56FCBC91220DC1E10012143A /* HelloDependencyContainer.swift */ = {isa = PBXFileReference; lastKnownFileType = sourcecode.swift; path = HelloDependencyContainer.swift; sourceTree = "<group>"; };
/* End PBXFileReference section */

/* Begin PBXFrameworksBuildPhase section */
		5698AE392217F52200C30724 /* Frameworks */ = {
			isa = PBXFrameworksBuildPhase;
			buildActionMask = 2147483647;
			files = (
			);
			runOnlyForDeploymentPostprocessing = 0;
		};
		56B58D8122107159003E61DF /* Frameworks */ = {
			isa = PBXFrameworksBuildPhase;
			buildActionMask = 2147483647;
			files = (
				56806AC2221756AB00AD24C9 /* HelloDependency.framework in Frameworks */,
			);
			runOnlyForDeploymentPostprocessing = 0;
		};
		56B58D8922107159003E61DF /* Frameworks */ = {
			isa = PBXFrameworksBuildPhase;
			buildActionMask = 2147483647;
			files = (
				56B58D8D22107159003E61DF /* UIKitDependencyHelper.framework in Frameworks */,
			);
			runOnlyForDeploymentPostprocessing = 0;
		};
		56FCBC57220DBF440012143A /* Frameworks */ = {
			isa = PBXFrameworksBuildPhase;
			buildActionMask = 2147483647;
			files = (
				56B58D9922107159003E61DF /* UIKitDependencyHelper.framework in Frameworks */,
				56FCBC7D220DBFDB0012143A /* HelloDependency.framework in Frameworks */,
			);
			runOnlyForDeploymentPostprocessing = 0;
		};
		56FCBC73220DBFDB0012143A /* Frameworks */ = {
			isa = PBXFrameworksBuildPhase;
			buildActionMask = 2147483647;
			files = (
			);
			runOnlyForDeploymentPostprocessing = 0;
		};
		56FCBC84220DC0D10012143A /* Frameworks */ = {
			isa = PBXFrameworksBuildPhase;
			buildActionMask = 2147483647;
			files = (
				56FCBC94220DC25A0012143A /* HelloDependency.framework in Frameworks */,
			);
			runOnlyForDeploymentPostprocessing = 0;
		};
/* End PBXFrameworksBuildPhase section */

/* Begin PBXGroup section */
		565EA399221D919400A8FBCD /* StoryboardCounter */ = {
			isa = PBXGroup;
			children = (
				565EA39E221D92A600A8FBCD /* StoryboardCounterParentViewController.swift */,
				565EA3A0221D946100A8FBCD /* StoryboardCounterParentConfigurator.swift */,
				565EA39C221D928800A8FBCD /* StoryboardCounterViewController.swift */,
				565EA3A2221D94C100A8FBCD /* StoryboardCounterConfigurator.swift */,
			);
			path = StoryboardCounter;
			sourceTree = "<group>";
		};
		565EA3A4221DA58800A8FBCD /* SecondTable */ = {
			isa = PBXGroup;
			children = (
				565EA3A5221DA5B200A8FBCD /* SecondTableViewController.swift */,
				565EA3A7221DA5E800A8FBCD /* SecondTableViewCell.swift */,
			);
			path = SecondTable;
			sourceTree = "<group>";
		};
		5698AE282217E65A00C30724 /* Sources */ = {
			isa = PBXGroup;
			children = (
				56FCBC77220DBFDB0012143A /* HelloDependency */,
				5698AE2A2217E86700C30724 /* UIKitDependencyHelper */,
			);
			path = Sources;
			sourceTree = "<group>";
		};
		5698AE292217E7E300C30724 /* Supporting Files */ = {
			isa = PBXGroup;
			children = (
				56FCBC79220DBFDB0012143A /* Info.plist */,
				56FCBC8B220DC0D10012143A /* HelloDependencyTestsInfo.plist */,
				56B58D9522107159003E61DF /* HelloContainerTestsInfo.plist */,
			);
			path = "Supporting Files";
			sourceTree = "<group>";
		};
		5698AE2A2217E86700C30724 /* UIKitDependencyHelper */ = {
			isa = PBXGroup;
			children = (
				566A8FF22215D0C500F3ACBF /* CellDependencyConfigurator.swift */,
				5698AE672219432700C30724 /* CellDependency.swift */,
				5698AE652219429200C30724 /* ArgumentsContainer.swift */,
				5698AE6222193EB800C30724 /* CellDependencyHolder.swift */,
			);
			path = UIKitDependencyHelper;
			sourceTree = "<group>";
		};
		5698AE2B2217EA6400C30724 /* Tests */ = {
			isa = PBXGroup;
			children = (
				5698AE5D221851AD00C30724 /* Helpers */,
				5698AE542218146200C30724 /* Extensions */,
				5698AE2C2217EA7C00C30724 /* HelloDependencyTests */,
				5698AE2D2217EFCF00C30724 /* UIKitDependencyHelperTests */,
				5698AE372217F46100C30724 /* Host */,
			);
			path = Tests;
			sourceTree = "<group>";
		};
		5698AE2C2217EA7C00C30724 /* HelloDependencyTests */ = {
			isa = PBXGroup;
			children = (
				564BBF88221C5AA300B73294 /* HelloDependencyTests.swift */,
				56FCBC8F220DC1250012143A /* HelloDependencyContainerTests.swift */,
				566DD6CD220EE88E00C0E41B /* HelloDependencyContainerSingleDependencyRegistrationTests.swift */,
				566DD6D3220F3B3E00C0E41B /* HelloDependencyContainerWeakRegistrationTests.swift */,
				5698AE5B22181AE200C30724 /* DependencyContainerTests.swift */,
				56B58D9322107159003E61DF /* DependencyProxyManagerTests.swift */,
			);
			path = HelloDependencyTests;
			sourceTree = "<group>";
		};
		5698AE2D2217EFCF00C30724 /* UIKitDependencyHelperTests */ = {
			isa = PBXGroup;
			children = (
				566A8FF0221589AA00F3ACBF /* CellDependencyConfiguratorTests.swift */,
				5698AE69221949FD00C30724 /* CellDoubles.swift */,
			);
			path = UIKitDependencyHelperTests;
			sourceTree = "<group>";
		};
		5698AE2E2217F13800C30724 /* Metadata */ = {
			isa = PBXGroup;
			children = (
				5698AE332217F15F00C30724 /* HelloDependency.podspec */,
				5698AE2F2217F14E00C30724 /* LICENSE */,
				5698AE302217F14E00C30724 /* README.md */,
				5698AE352217F19500C30724 /* .travis.yml */,
			);
			name = Metadata;
			sourceTree = "<group>";
		};
		5698AE372217F46100C30724 /* Host */ = {
			isa = PBXGroup;
			children = (
				5698AE3E2217F52200C30724 /* AppDelegate.swift */,
				5698AE502217F70E00C30724 /* Default-568h@2x.png */,
				5698AE4A2217F52300C30724 /* Info.plist */,
			);
			path = Host;
			sourceTree = "<group>";
		};
		5698AE542218146200C30724 /* Extensions */ = {
			isa = PBXGroup;
			children = (
				5698AE592218192E00C30724 /* XCTestCase+.swift */,
				5698AE552218147800C30724 /* XCTestCase+HelloDependency.swift */,
			);
			path = Extensions;
			sourceTree = "<group>";
		};
		5698AE5D221851AD00C30724 /* Helpers */ = {
			isa = PBXGroup;
			children = (
				566A8FF42215D24400F3ACBF /* XCTestCase+MemoryLeakTracking.swift */,
			);
			path = Helpers;
			sourceTree = "<group>";
		};
		56C2C2A22212F6F100C521A9 /* Counter */ = {
			isa = PBXGroup;
			children = (
				569D85062210459F00043BC2 /* CounterParentViewController.swift */,
				569D850222101C1B00043BC2 /* CounterViewController.swift */,
				569D850422101CF800043BC2 /* CounterViewEventHandler.swift */,
				564BBF81221C496D00B73294 /* CounterChildViewController.swift */,
			);
			path = Counter;
			sourceTree = "<group>";
		};
		56C2C2A32212F72300C521A9 /* IsolatedCounter */ = {
			isa = PBXGroup;
			children = (
				5667805D22108B80006E4F21 /* IsolatedCounterViewController.swift */,
			);
			path = IsolatedCounter;
			sourceTree = "<group>";
		};
		56C2C2A42212F7C200C521A9 /* Table */ = {
			isa = PBXGroup;
			children = (
				56C2C2AF2213007000C521A9 /* TableViewController.swift */,
				56C2C2A52212F86100C521A9 /* TableDataSource.swift */,
				56C2C2AB2212FC4200C521A9 /* CounterTableViewCell.swift */,
				56C2C2B12213022B00C521A9 /* CellViewController.swift */,
				56C2C2B32213040B00C521A9 /* CellViewEventHandler.swift */,
				56C2C2B52213056700C521A9 /* TableRepository.swift */,
				56C2C2AC2212FC4200C521A9 /* CounterTableViewCell.xib */,
				56C2C2B9221330A200C521A9 /* CellContentEmbeddedChildViewController.swift */,
			);
			path = Table;
			sourceTree = "<group>";
		};
		56FCBC51220DBF430012143A = {
			isa = PBXGroup;
			children = (
				5698AE282217E65A00C30724 /* Sources */,
				5698AE2B2217EA6400C30724 /* Tests */,
				56FCBC5C220DBF440012143A /* Demo */,
				5698AE292217E7E300C30724 /* Supporting Files */,
				5698AE2E2217F13800C30724 /* Metadata */,
				56FCBC5B220DBF440012143A /* Products */,
			);
			sourceTree = "<group>";
		};
		56FCBC5B220DBF440012143A /* Products */ = {
			isa = PBXGroup;
			children = (
				56FCBC5A220DBF440012143A /* Demo.app */,
				56FCBC76220DBFDB0012143A /* HelloDependency.framework */,
				56FCBC87220DC0D10012143A /* HelloDependencyTests.xctest */,
				56B58D8422107159003E61DF /* UIKitDependencyHelper.framework */,
				56B58D8C22107159003E61DF /* UIKitDependencyHelperTests.xctest */,
				5698AE3C2217F52200C30724 /* Host.app */,
			);
			name = Products;
			sourceTree = "<group>";
		};
		56FCBC5C220DBF440012143A /* Demo */ = {
			isa = PBXGroup;
			children = (
				56FCBC5D220DBF440012143A /* AppDelegate.swift */,
				56C2C2B722132D2800C521A9 /* TableViewConfiguration.swift */,
				56C2C2A22212F6F100C521A9 /* Counter */,
				56C2C2A32212F72300C521A9 /* IsolatedCounter */,
				56C2C2A42212F7C200C521A9 /* Table */,
				565EA399221D919400A8FBCD /* StoryboardCounter */,
				565EA3A4221DA58800A8FBCD /* SecondTable */,
				56FCBC61220DBF440012143A /* Main.storyboard */,
				56FCBC64220DBF450012143A /* Assets.xcassets */,
				56FCBC66220DBF450012143A /* LaunchScreen.storyboard */,
				56FCBC69220DBF450012143A /* Info.plist */,
			);
			path = Demo;
			sourceTree = "<group>";
		};
		56FCBC77220DBFDB0012143A /* HelloDependency */ = {
			isa = PBXGroup;
			children = (
				564BBF86221C5A6900B73294 /* HelloDependency.swift */,
				5667806322108EA4006E4F21 /* WeakBox.swift */,
				566DD6C7220EE18E00C0E41B /* Dependency.swift */,
				566DD6CF220EF7C800C0E41B /* SingleDependency.swift */,
				56FCBC91220DC1E10012143A /* HelloDependencyContainer.swift */,
				5667805B221089EC006E4F21 /* DependencyProxy.swift */,
				564BBF7F221C41B800B73294 /* DependencyProxyManager.swift */,
			);
			path = HelloDependency;
			sourceTree = "<group>";
		};
/* End PBXGroup section */

/* Begin PBXHeadersBuildPhase section */
		56B58D7F22107159003E61DF /* Headers */ = {
			isa = PBXHeadersBuildPhase;
			buildActionMask = 2147483647;
			files = (
			);
			runOnlyForDeploymentPostprocessing = 0;
		};
		56FCBC71220DBFDB0012143A /* Headers */ = {
			isa = PBXHeadersBuildPhase;
			buildActionMask = 2147483647;
			files = (
			);
			runOnlyForDeploymentPostprocessing = 0;
		};
/* End PBXHeadersBuildPhase section */

/* Begin PBXNativeTarget section */
		5698AE3B2217F52200C30724 /* Host */ = {
			isa = PBXNativeTarget;
			buildConfigurationList = 5698AE4B2217F52300C30724 /* Build configuration list for PBXNativeTarget "Host" */;
			buildPhases = (
				5698AE382217F52200C30724 /* Sources */,
				5698AE392217F52200C30724 /* Frameworks */,
				5698AE3A2217F52200C30724 /* Resources */,
			);
			buildRules = (
			);
			dependencies = (
			);
			name = Host;
			productName = Host;
			productReference = 5698AE3C2217F52200C30724 /* Host.app */;
			productType = "com.apple.product-type.application";
		};
		56B58D8322107159003E61DF /* UIKitDependencyHelper */ = {
			isa = PBXNativeTarget;
			buildConfigurationList = 56B58D9F22107159003E61DF /* Build configuration list for PBXNativeTarget "UIKitDependencyHelper" */;
			buildPhases = (
				56B58D7F22107159003E61DF /* Headers */,
				56B58D8022107159003E61DF /* Sources */,
				56B58D8122107159003E61DF /* Frameworks */,
				56B58D8222107159003E61DF /* Resources */,
			);
			buildRules = (
			);
			dependencies = (
			);
			name = UIKitDependencyHelper;
			productName = IOSDependencyContainer;
			productReference = 56B58D8422107159003E61DF /* UIKitDependencyHelper.framework */;
			productType = "com.apple.product-type.framework";
		};
		56B58D8B22107159003E61DF /* UIKitDependencyHelperTests */ = {
			isa = PBXNativeTarget;
			buildConfigurationList = 56B58DA022107159003E61DF /* Build configuration list for PBXNativeTarget "UIKitDependencyHelperTests" */;
			buildPhases = (
				56B58D8822107159003E61DF /* Sources */,
				56B58D8922107159003E61DF /* Frameworks */,
				56B58D8A22107159003E61DF /* Resources */,
			);
			buildRules = (
			);
			dependencies = (
				5698AE532217F8C100C30724 /* PBXTargetDependency */,
			);
			name = UIKitDependencyHelperTests;
			productName = IOSDependencyContainerTests;
			productReference = 56B58D8C22107159003E61DF /* UIKitDependencyHelperTests.xctest */;
			productType = "com.apple.product-type.bundle.unit-test";
		};
		56FCBC59220DBF440012143A /* Demo */ = {
			isa = PBXNativeTarget;
			buildConfigurationList = 56FCBC6C220DBF450012143A /* Build configuration list for PBXNativeTarget "Demo" */;
			buildPhases = (
				56FCBC56220DBF440012143A /* Sources */,
				56FCBC57220DBF440012143A /* Frameworks */,
				56FCBC58220DBF440012143A /* Resources */,
				56FCBC82220DBFDB0012143A /* Embed Frameworks */,
			);
			buildRules = (
			);
			dependencies = (
				56FCBC7C220DBFDB0012143A /* PBXTargetDependency */,
				56B58D9822107159003E61DF /* PBXTargetDependency */,
			);
			name = Demo;
			productName = HelloDependency;
			productReference = 56FCBC5A220DBF440012143A /* Demo.app */;
			productType = "com.apple.product-type.application";
		};
		56FCBC75220DBFDB0012143A /* HelloDependency */ = {
			isa = PBXNativeTarget;
			buildConfigurationList = 56FCBC7F220DBFDB0012143A /* Build configuration list for PBXNativeTarget "HelloDependency" */;
			buildPhases = (
				56FCBC71220DBFDB0012143A /* Headers */,
				56FCBC72220DBFDB0012143A /* Sources */,
				56FCBC73220DBFDB0012143A /* Frameworks */,
				56FCBC74220DBFDB0012143A /* Resources */,
			);
			buildRules = (
			);
			dependencies = (
			);
			name = HelloDependency;
			productName = HDependency;
			productReference = 56FCBC76220DBFDB0012143A /* HelloDependency.framework */;
			productType = "com.apple.product-type.framework";
		};
		56FCBC86220DC0D10012143A /* HelloDependencyTests */ = {
			isa = PBXNativeTarget;
			buildConfigurationList = 56FCBC8C220DC0D10012143A /* Build configuration list for PBXNativeTarget "HelloDependencyTests" */;
			buildPhases = (
				56FCBC83220DC0D10012143A /* Sources */,
				56FCBC84220DC0D10012143A /* Frameworks */,
				56FCBC85220DC0D10012143A /* Resources */,
			);
			buildRules = (
			);
			dependencies = (
			);
			name = HelloDependencyTests;
			productName = HDependencyTests;
			productReference = 56FCBC87220DC0D10012143A /* HelloDependencyTests.xctest */;
			productType = "com.apple.product-type.bundle.unit-test";
		};
/* End PBXNativeTarget section */

/* Begin PBXProject section */
		56FCBC52220DBF430012143A /* Project object */ = {
			isa = PBXProject;
			attributes = {
				LastSwiftUpdateCheck = 1010;
				LastUpgradeCheck = 1010;
				ORGANIZATIONNAME = valitovaza;
				TargetAttributes = {
					5698AE3B2217F52200C30724 = {
						CreatedOnToolsVersion = 10.1;
					};
					56B58D8322107159003E61DF = {
						CreatedOnToolsVersion = 10.1;
						LastSwiftMigration = 1010;
					};
					56B58D8B22107159003E61DF = {
						CreatedOnToolsVersion = 10.1;
						TestTargetID = 5698AE3B2217F52200C30724;
					};
					56FCBC59220DBF440012143A = {
						CreatedOnToolsVersion = 10.1;
					};
					56FCBC75220DBFDB0012143A = {
						CreatedOnToolsVersion = 10.1;
						LastSwiftMigration = 1010;
					};
					56FCBC86220DC0D10012143A = {
						CreatedOnToolsVersion = 10.1;
						LastSwiftMigration = 1010;
					};
				};
			};
			buildConfigurationList = 56FCBC55220DBF430012143A /* Build configuration list for PBXProject "HelloDependency" */;
			compatibilityVersion = "Xcode 9.3";
			developmentRegion = en;
			hasScannedForEncodings = 0;
			knownRegions = (
				en,
				Base,
			);
			mainGroup = 56FCBC51220DBF430012143A;
			productRefGroup = 56FCBC5B220DBF440012143A /* Products */;
			projectDirPath = "";
			projectRoot = "";
			targets = (
				56FCBC59220DBF440012143A /* Demo */,
				56FCBC75220DBFDB0012143A /* HelloDependency */,
				56FCBC86220DC0D10012143A /* HelloDependencyTests */,
				56B58D8322107159003E61DF /* UIKitDependencyHelper */,
				56B58D8B22107159003E61DF /* UIKitDependencyHelperTests */,
				5698AE3B2217F52200C30724 /* Host */,
			);
		};
/* End PBXProject section */

/* Begin PBXResourcesBuildPhase section */
		5698AE3A2217F52200C30724 /* Resources */ = {
			isa = PBXResourcesBuildPhase;
			buildActionMask = 2147483647;
			files = (
				5698AE512217F70E00C30724 /* Default-568h@2x.png in Resources */,
			);
			runOnlyForDeploymentPostprocessing = 0;
		};
		56B58D8222107159003E61DF /* Resources */ = {
			isa = PBXResourcesBuildPhase;
			buildActionMask = 2147483647;
			files = (
			);
			runOnlyForDeploymentPostprocessing = 0;
		};
		56B58D8A22107159003E61DF /* Resources */ = {
			isa = PBXResourcesBuildPhase;
			buildActionMask = 2147483647;
			files = (
			);
			runOnlyForDeploymentPostprocessing = 0;
		};
		56FCBC58220DBF440012143A /* Resources */ = {
			isa = PBXResourcesBuildPhase;
			buildActionMask = 2147483647;
			files = (
				5698AE322217F14E00C30724 /* README.md in Resources */,
				56C2C2AE2212FC4200C521A9 /* CounterTableViewCell.xib in Resources */,
				5698AE362217F19500C30724 /* .travis.yml in Resources */,
				56FCBC68220DBF450012143A /* LaunchScreen.storyboard in Resources */,
				5698AE342217F15F00C30724 /* HelloDependency.podspec in Resources */,
				56FCBC65220DBF450012143A /* Assets.xcassets in Resources */,
				56FCBC63220DBF440012143A /* Main.storyboard in Resources */,
				5698AE312217F14E00C30724 /* LICENSE in Resources */,
			);
			runOnlyForDeploymentPostprocessing = 0;
		};
		56FCBC74220DBFDB0012143A /* Resources */ = {
			isa = PBXResourcesBuildPhase;
			buildActionMask = 2147483647;
			files = (
			);
			runOnlyForDeploymentPostprocessing = 0;
		};
		56FCBC85220DC0D10012143A /* Resources */ = {
			isa = PBXResourcesBuildPhase;
			buildActionMask = 2147483647;
			files = (
			);
			runOnlyForDeploymentPostprocessing = 0;
		};
/* End PBXResourcesBuildPhase section */

/* Begin PBXSourcesBuildPhase section */
		5698AE382217F52200C30724 /* Sources */ = {
			isa = PBXSourcesBuildPhase;
			buildActionMask = 2147483647;
			files = (
				5698AE3F2217F52200C30724 /* AppDelegate.swift in Sources */,
			);
			runOnlyForDeploymentPostprocessing = 0;
		};
		56B58D8022107159003E61DF /* Sources */ = {
			isa = PBXSourcesBuildPhase;
			buildActionMask = 2147483647;
			files = (
				5698AE662219429200C30724 /* ArgumentsContainer.swift in Sources */,
				5698AE6422193EBC00C30724 /* CellDependencyHolder.swift in Sources */,
				566A8FF32215D0C500F3ACBF /* CellDependencyConfigurator.swift in Sources */,
				5698AE682219432700C30724 /* CellDependency.swift in Sources */,
			);
			runOnlyForDeploymentPostprocessing = 0;
		};
		56B58D8822107159003E61DF /* Sources */ = {
			isa = PBXSourcesBuildPhase;
			buildActionMask = 2147483647;
			files = (
				5698AE5E221852B500C30724 /* CellDependencyConfiguratorTests.swift in Sources */,
				5698AE6B22194AEB00C30724 /* CellDoubles.swift in Sources */,
				566A8FF52215D24400F3ACBF /* XCTestCase+MemoryLeakTracking.swift in Sources */,
			);
			runOnlyForDeploymentPostprocessing = 0;
		};
		56FCBC56220DBF440012143A /* Sources */ = {
			isa = PBXSourcesBuildPhase;
			buildActionMask = 2147483647;
			files = (
				56C2C2B822132D2800C521A9 /* TableViewConfiguration.swift in Sources */,
				56C2C2BA221330A200C521A9 /* CellContentEmbeddedChildViewController.swift in Sources */,
				565EA3A3221D94C100A8FBCD /* StoryboardCounterConfigurator.swift in Sources */,
				565EA3A6221DA5B200A8FBCD /* SecondTableViewController.swift in Sources */,
				56C2C2B22213022B00C521A9 /* CellViewController.swift in Sources */,
				56C2C2AD2212FC4200C521A9 /* CounterTableViewCell.swift in Sources */,
				56C2C2A62212F86100C521A9 /* TableDataSource.swift in Sources */,
				5667805E22108B80006E4F21 /* IsolatedCounterViewController.swift in Sources */,
				565EA3A1221D946100A8FBCD /* StoryboardCounterParentConfigurator.swift in Sources */,
				56C2C2B62213056700C521A9 /* TableRepository.swift in Sources */,
				569D85072210459F00043BC2 /* CounterParentViewController.swift in Sources */,
				565EA3A8221DA5E800A8FBCD /* SecondTableViewCell.swift in Sources */,
				565EA39F221D92A600A8FBCD /* StoryboardCounterParentViewController.swift in Sources */,
				56C2C2B42213040B00C521A9 /* CellViewEventHandler.swift in Sources */,
				565EA39D221D928800A8FBCD /* StoryboardCounterViewController.swift in Sources */,
				569D850322101C1B00043BC2 /* CounterViewController.swift in Sources */,
				564BBF82221C496D00B73294 /* CounterChildViewController.swift in Sources */,
				56FCBC5E220DBF440012143A /* AppDelegate.swift in Sources */,
				56C2C2B02213007000C521A9 /* TableViewController.swift in Sources */,
				569D850522101CF800043BC2 /* CounterViewEventHandler.swift in Sources */,
			);
			runOnlyForDeploymentPostprocessing = 0;
		};
		56FCBC72220DBFDB0012143A /* Sources */ = {
			isa = PBXSourcesBuildPhase;
			buildActionMask = 2147483647;
			files = (
				564BBF87221C5A6900B73294 /* HelloDependency.swift in Sources */,
				56DC8660221D791D006CE23B /* DependencyProxyManager.swift in Sources */,
				566DD6C8220EE18E00C0E41B /* Dependency.swift in Sources */,
				56FCBC92220DC1E10012143A /* HelloDependencyContainer.swift in Sources */,
				566DD6D0220EF7C800C0E41B /* SingleDependency.swift in Sources */,
				56DC865F221D791B006CE23B /* DependencyProxy.swift in Sources */,
				56ECB974221D898000CBDF1D /* WeakBox.swift in Sources */,
			);
			runOnlyForDeploymentPostprocessing = 0;
		};
		56FCBC83220DC0D10012143A /* Sources */ = {
			isa = PBXSourcesBuildPhase;
			buildActionMask = 2147483647;
			files = (
				566DD6CE220EE88E00C0E41B /* HelloDependencyContainerSingleDependencyRegistrationTests.swift in Sources */,
				56DC8661221D7930006CE23B /* DependencyProxyManagerTests.swift in Sources */,
				5698AE5C22181AE200C30724 /* DependencyContainerTests.swift in Sources */,
				564BBF89221C5AA300B73294 /* HelloDependencyTests.swift in Sources */,
				56FCBC90220DC1250012143A /* HelloDependencyContainerTests.swift in Sources */,
				566DD6D4220F3B3E00C0E41B /* HelloDependencyContainerWeakRegistrationTests.swift in Sources */,
				5698AE572218147B00C30724 /* XCTestCase+HelloDependency.swift in Sources */,
				5698AE5A2218192E00C30724 /* XCTestCase+.swift in Sources */,
			);
			runOnlyForDeploymentPostprocessing = 0;
		};
/* End PBXSourcesBuildPhase section */

/* Begin PBXTargetDependency section */
		5698AE532217F8C100C30724 /* PBXTargetDependency */ = {
			isa = PBXTargetDependency;
			target = 5698AE3B2217F52200C30724 /* Host */;
			targetProxy = 5698AE522217F8C100C30724 /* PBXContainerItemProxy */;
		};
		56B58D9822107159003E61DF /* PBXTargetDependency */ = {
			isa = PBXTargetDependency;
			target = 56B58D8322107159003E61DF /* UIKitDependencyHelper */;
			targetProxy = 56B58D9722107159003E61DF /* PBXContainerItemProxy */;
		};
		56FCBC7C220DBFDB0012143A /* PBXTargetDependency */ = {
			isa = PBXTargetDependency;
			target = 56FCBC75220DBFDB0012143A /* HelloDependency */;
			targetProxy = 56FCBC7B220DBFDB0012143A /* PBXContainerItemProxy */;
		};
/* End PBXTargetDependency section */

/* Begin PBXVariantGroup section */
		56FCBC61220DBF440012143A /* Main.storyboard */ = {
			isa = PBXVariantGroup;
			children = (
				56FCBC62220DBF440012143A /* Base */,
			);
			name = Main.storyboard;
			sourceTree = "<group>";
		};
		56FCBC66220DBF450012143A /* LaunchScreen.storyboard */ = {
			isa = PBXVariantGroup;
			children = (
				56FCBC67220DBF450012143A /* Base */,
			);
			name = LaunchScreen.storyboard;
			sourceTree = "<group>";
		};
/* End PBXVariantGroup section */

/* Begin XCBuildConfiguration section */
		5698AE4C2217F52300C30724 /* Debug */ = {
			isa = XCBuildConfiguration;
			buildSettings = {
				ASSETCATALOG_COMPILER_APPICON_NAME = AppIcon;
				CODE_SIGN_STYLE = Automatic;
				DEVELOPMENT_TEAM = S28RBJK28L;
				INFOPLIST_FILE = "$(SRCROOT)/Tests/Host/Info.plist";
				IPHONEOS_DEPLOYMENT_TARGET = 10.0;
				LD_RUNPATH_SEARCH_PATHS = (
					"$(inherited)",
					"@executable_path/Frameworks",
				);
				PRODUCT_BUNDLE_IDENTIFIER = valitovaza.Host;
				PRODUCT_NAME = "$(TARGET_NAME)";
				SWIFT_VERSION = 4.2;
				TARGETED_DEVICE_FAMILY = "1,2";
			};
			name = Debug;
		};
		5698AE4D2217F52300C30724 /* Release */ = {
			isa = XCBuildConfiguration;
			buildSettings = {
				ASSETCATALOG_COMPILER_APPICON_NAME = AppIcon;
				CODE_SIGN_STYLE = Automatic;
				DEVELOPMENT_TEAM = S28RBJK28L;
				INFOPLIST_FILE = "$(SRCROOT)/Tests/Host/Info.plist";
				IPHONEOS_DEPLOYMENT_TARGET = 10.0;
				LD_RUNPATH_SEARCH_PATHS = (
					"$(inherited)",
					"@executable_path/Frameworks",
				);
				PRODUCT_BUNDLE_IDENTIFIER = valitovaza.Host;
				PRODUCT_NAME = "$(TARGET_NAME)";
				SWIFT_VERSION = 4.2;
				TARGETED_DEVICE_FAMILY = "1,2";
			};
			name = Release;
		};
		56B58D9B22107159003E61DF /* Debug */ = {
			isa = XCBuildConfiguration;
			buildSettings = {
				CLANG_ENABLE_MODULES = YES;
				CODE_SIGN_IDENTITY = "";
				CODE_SIGN_STYLE = Automatic;
				CURRENT_PROJECT_VERSION = 1;
				DEFINES_MODULE = YES;
				DEVELOPMENT_TEAM = S28RBJK28L;
				DYLIB_COMPATIBILITY_VERSION = 1;
				DYLIB_CURRENT_VERSION = 1;
				DYLIB_INSTALL_NAME_BASE = "@rpath";
				INFOPLIST_FILE = "$(SRCROOT)/Supporting Files/Info.plist";
				INSTALL_PATH = "$(LOCAL_LIBRARY_DIR)/Frameworks";
				IPHONEOS_DEPLOYMENT_TARGET = 10.0;
				LD_RUNPATH_SEARCH_PATHS = (
					"$(inherited)",
					"@executable_path/Frameworks",
					"@loader_path/Frameworks",
				);
				PRODUCT_BUNDLE_IDENTIFIER = valitovaza.UIKitDependencyHelper;
				PRODUCT_NAME = "$(TARGET_NAME:c99extidentifier)";
				SKIP_INSTALL = YES;
				SWIFT_OPTIMIZATION_LEVEL = "-Onone";
				SWIFT_VERSION = 4.2;
				TARGETED_DEVICE_FAMILY = "1,2";
				VERSIONING_SYSTEM = "apple-generic";
				VERSION_INFO_PREFIX = "";
			};
			name = Debug;
		};
		56B58D9C22107159003E61DF /* Release */ = {
			isa = XCBuildConfiguration;
			buildSettings = {
				CLANG_ENABLE_MODULES = YES;
				CODE_SIGN_IDENTITY = "";
				CODE_SIGN_STYLE = Automatic;
				CURRENT_PROJECT_VERSION = 1;
				DEFINES_MODULE = YES;
				DEVELOPMENT_TEAM = S28RBJK28L;
				DYLIB_COMPATIBILITY_VERSION = 1;
				DYLIB_CURRENT_VERSION = 1;
				DYLIB_INSTALL_NAME_BASE = "@rpath";
				INFOPLIST_FILE = "$(SRCROOT)/Supporting Files/Info.plist";
				INSTALL_PATH = "$(LOCAL_LIBRARY_DIR)/Frameworks";
				IPHONEOS_DEPLOYMENT_TARGET = 10.0;
				LD_RUNPATH_SEARCH_PATHS = (
					"$(inherited)",
					"@executable_path/Frameworks",
					"@loader_path/Frameworks",
				);
				PRODUCT_BUNDLE_IDENTIFIER = valitovaza.UIKitDependencyHelper;
				PRODUCT_NAME = "$(TARGET_NAME:c99extidentifier)";
				SKIP_INSTALL = YES;
				SWIFT_VERSION = 4.2;
				TARGETED_DEVICE_FAMILY = "1,2";
				VERSIONING_SYSTEM = "apple-generic";
				VERSION_INFO_PREFIX = "";
			};
			name = Release;
		};
		56B58D9D22107159003E61DF /* Debug */ = {
			isa = XCBuildConfiguration;
			buildSettings = {
				ALWAYS_EMBED_SWIFT_STANDARD_LIBRARIES = YES;
				CODE_SIGN_STYLE = Automatic;
				DEVELOPMENT_TEAM = S28RBJK28L;
				INFOPLIST_FILE = "Supporting Files/HelloContainerTestsInfo.plist";
				IPHONEOS_DEPLOYMENT_TARGET = 10.0;
				LD_RUNPATH_SEARCH_PATHS = (
					"$(inherited)",
					"@executable_path/Frameworks",
					"@loader_path/Frameworks",
				);
				PRODUCT_BUNDLE_IDENTIFIER = valitovaza.UIKitDependencyHelperTests;
				PRODUCT_NAME = "$(TARGET_NAME)";
				SWIFT_VERSION = 4.2;
				TARGETED_DEVICE_FAMILY = "1,2";
				TEST_HOST = "$(BUILT_PRODUCTS_DIR)/Host.app/Host";
			};
			name = Debug;
		};
		56B58D9E22107159003E61DF /* Release */ = {
			isa = XCBuildConfiguration;
			buildSettings = {
				ALWAYS_EMBED_SWIFT_STANDARD_LIBRARIES = YES;
				CODE_SIGN_STYLE = Automatic;
				DEVELOPMENT_TEAM = S28RBJK28L;
				INFOPLIST_FILE = "Supporting Files/HelloContainerTestsInfo.plist";
				IPHONEOS_DEPLOYMENT_TARGET = 10.0;
				LD_RUNPATH_SEARCH_PATHS = (
					"$(inherited)",
					"@executable_path/Frameworks",
					"@loader_path/Frameworks",
				);
				PRODUCT_BUNDLE_IDENTIFIER = valitovaza.UIKitDependencyHelperTests;
				PRODUCT_NAME = "$(TARGET_NAME)";
				SWIFT_VERSION = 4.2;
				TARGETED_DEVICE_FAMILY = "1,2";
				TEST_HOST = "$(BUILT_PRODUCTS_DIR)/Host.app/Host";
			};
			name = Release;
		};
		56FCBC6A220DBF450012143A /* Debug */ = {
			isa = XCBuildConfiguration;
			buildSettings = {
				ALWAYS_SEARCH_USER_PATHS = NO;
				CLANG_ANALYZER_NONNULL = YES;
				CLANG_ANALYZER_NUMBER_OBJECT_CONVERSION = YES_AGGRESSIVE;
				CLANG_CXX_LANGUAGE_STANDARD = "gnu++14";
				CLANG_CXX_LIBRARY = "libc++";
				CLANG_ENABLE_MODULES = YES;
				CLANG_ENABLE_OBJC_ARC = YES;
				CLANG_ENABLE_OBJC_WEAK = YES;
				CLANG_WARN_BLOCK_CAPTURE_AUTORELEASING = YES;
				CLANG_WARN_BOOL_CONVERSION = YES;
				CLANG_WARN_COMMA = YES;
				CLANG_WARN_CONSTANT_CONVERSION = YES;
				CLANG_WARN_DEPRECATED_OBJC_IMPLEMENTATIONS = YES;
				CLANG_WARN_DIRECT_OBJC_ISA_USAGE = YES_ERROR;
				CLANG_WARN_DOCUMENTATION_COMMENTS = YES;
				CLANG_WARN_EMPTY_BODY = YES;
				CLANG_WARN_ENUM_CONVERSION = YES;
				CLANG_WARN_INFINITE_RECURSION = YES;
				CLANG_WARN_INT_CONVERSION = YES;
				CLANG_WARN_NON_LITERAL_NULL_CONVERSION = YES;
				CLANG_WARN_OBJC_IMPLICIT_RETAIN_SELF = YES;
				CLANG_WARN_OBJC_LITERAL_CONVERSION = YES;
				CLANG_WARN_OBJC_ROOT_CLASS = YES_ERROR;
				CLANG_WARN_RANGE_LOOP_ANALYSIS = YES;
				CLANG_WARN_STRICT_PROTOTYPES = YES;
				CLANG_WARN_SUSPICIOUS_MOVE = YES;
				CLANG_WARN_UNGUARDED_AVAILABILITY = YES_AGGRESSIVE;
				CLANG_WARN_UNREACHABLE_CODE = YES;
				CLANG_WARN__DUPLICATE_METHOD_MATCH = YES;
				CODE_SIGN_IDENTITY = "iPhone Developer";
				COPY_PHASE_STRIP = NO;
				DEBUG_INFORMATION_FORMAT = dwarf;
				ENABLE_STRICT_OBJC_MSGSEND = YES;
				ENABLE_TESTABILITY = YES;
				GCC_C_LANGUAGE_STANDARD = gnu11;
				GCC_DYNAMIC_NO_PIC = NO;
				GCC_NO_COMMON_BLOCKS = YES;
				GCC_OPTIMIZATION_LEVEL = 0;
				GCC_PREPROCESSOR_DEFINITIONS = (
					"DEBUG=1",
					"$(inherited)",
				);
				GCC_WARN_64_TO_32_BIT_CONVERSION = YES;
				GCC_WARN_ABOUT_RETURN_TYPE = YES_ERROR;
				GCC_WARN_UNDECLARED_SELECTOR = YES;
				GCC_WARN_UNINITIALIZED_AUTOS = YES_AGGRESSIVE;
				GCC_WARN_UNUSED_FUNCTION = YES;
				GCC_WARN_UNUSED_VARIABLE = YES;
				IPHONEOS_DEPLOYMENT_TARGET = 10.0;
				MTL_ENABLE_DEBUG_INFO = INCLUDE_SOURCE;
				MTL_FAST_MATH = YES;
				ONLY_ACTIVE_ARCH = YES;
				SDKROOT = iphoneos;
				SWIFT_ACTIVE_COMPILATION_CONDITIONS = DEBUG;
				SWIFT_OPTIMIZATION_LEVEL = "-Onone";
			};
			name = Debug;
		};
		56FCBC6B220DBF450012143A /* Release */ = {
			isa = XCBuildConfiguration;
			buildSettings = {
				ALWAYS_SEARCH_USER_PATHS = NO;
				CLANG_ANALYZER_NONNULL = YES;
				CLANG_ANALYZER_NUMBER_OBJECT_CONVERSION = YES_AGGRESSIVE;
				CLANG_CXX_LANGUAGE_STANDARD = "gnu++14";
				CLANG_CXX_LIBRARY = "libc++";
				CLANG_ENABLE_MODULES = YES;
				CLANG_ENABLE_OBJC_ARC = YES;
				CLANG_ENABLE_OBJC_WEAK = YES;
				CLANG_WARN_BLOCK_CAPTURE_AUTORELEASING = YES;
				CLANG_WARN_BOOL_CONVERSION = YES;
				CLANG_WARN_COMMA = YES;
				CLANG_WARN_CONSTANT_CONVERSION = YES;
				CLANG_WARN_DEPRECATED_OBJC_IMPLEMENTATIONS = YES;
				CLANG_WARN_DIRECT_OBJC_ISA_USAGE = YES_ERROR;
				CLANG_WARN_DOCUMENTATION_COMMENTS = YES;
				CLANG_WARN_EMPTY_BODY = YES;
				CLANG_WARN_ENUM_CONVERSION = YES;
				CLANG_WARN_INFINITE_RECURSION = YES;
				CLANG_WARN_INT_CONVERSION = YES;
				CLANG_WARN_NON_LITERAL_NULL_CONVERSION = YES;
				CLANG_WARN_OBJC_IMPLICIT_RETAIN_SELF = YES;
				CLANG_WARN_OBJC_LITERAL_CONVERSION = YES;
				CLANG_WARN_OBJC_ROOT_CLASS = YES_ERROR;
				CLANG_WARN_RANGE_LOOP_ANALYSIS = YES;
				CLANG_WARN_STRICT_PROTOTYPES = YES;
				CLANG_WARN_SUSPICIOUS_MOVE = YES;
				CLANG_WARN_UNGUARDED_AVAILABILITY = YES_AGGRESSIVE;
				CLANG_WARN_UNREACHABLE_CODE = YES;
				CLANG_WARN__DUPLICATE_METHOD_MATCH = YES;
				CODE_SIGN_IDENTITY = "iPhone Developer";
				COPY_PHASE_STRIP = NO;
				DEBUG_INFORMATION_FORMAT = "dwarf-with-dsym";
				ENABLE_NS_ASSERTIONS = NO;
				ENABLE_STRICT_OBJC_MSGSEND = YES;
				GCC_C_LANGUAGE_STANDARD = gnu11;
				GCC_NO_COMMON_BLOCKS = YES;
				GCC_WARN_64_TO_32_BIT_CONVERSION = YES;
				GCC_WARN_ABOUT_RETURN_TYPE = YES_ERROR;
				GCC_WARN_UNDECLARED_SELECTOR = YES;
				GCC_WARN_UNINITIALIZED_AUTOS = YES_AGGRESSIVE;
				GCC_WARN_UNUSED_FUNCTION = YES;
				GCC_WARN_UNUSED_VARIABLE = YES;
				IPHONEOS_DEPLOYMENT_TARGET = 10.0;
				MTL_ENABLE_DEBUG_INFO = NO;
				MTL_FAST_MATH = YES;
				SDKROOT = iphoneos;
				SWIFT_COMPILATION_MODE = wholemodule;
				SWIFT_OPTIMIZATION_LEVEL = "-O";
				VALIDATE_PRODUCT = YES;
			};
			name = Release;
		};
		56FCBC6D220DBF450012143A /* Debug */ = {
			isa = XCBuildConfiguration;
			buildSettings = {
				ALWAYS_EMBED_SWIFT_STANDARD_LIBRARIES = YES;
				ASSETCATALOG_COMPILER_APPICON_NAME = AppIcon;
				CODE_SIGN_STYLE = Automatic;
				DEVELOPMENT_TEAM = S28RBJK28L;
				INFOPLIST_FILE = "$(SRCROOT)/Demo/Info.plist";
				IPHONEOS_DEPLOYMENT_TARGET = 10.0;
				LD_RUNPATH_SEARCH_PATHS = (
					"$(inherited)",
					"@executable_path/Frameworks",
				);
				PRODUCT_BUNDLE_IDENTIFIER = valitovaza.HelloDependencyDemo;
				PRODUCT_NAME = "$(TARGET_NAME)";
				SWIFT_VERSION = 4.2;
				TARGETED_DEVICE_FAMILY = "1,2";
			};
			name = Debug;
		};
		56FCBC6E220DBF450012143A /* Release */ = {
			isa = XCBuildConfiguration;
			buildSettings = {
				ALWAYS_EMBED_SWIFT_STANDARD_LIBRARIES = YES;
				ASSETCATALOG_COMPILER_APPICON_NAME = AppIcon;
				CODE_SIGN_STYLE = Automatic;
				DEVELOPMENT_TEAM = S28RBJK28L;
				INFOPLIST_FILE = "$(SRCROOT)/Demo/Info.plist";
				IPHONEOS_DEPLOYMENT_TARGET = 10.0;
				LD_RUNPATH_SEARCH_PATHS = (
					"$(inherited)",
					"@executable_path/Frameworks",
				);
				PRODUCT_BUNDLE_IDENTIFIER = valitovaza.HelloDependencyDemo;
				PRODUCT_NAME = "$(TARGET_NAME)";
				SWIFT_VERSION = 4.2;
				TARGETED_DEVICE_FAMILY = "1,2";
			};
			name = Release;
		};
		56FCBC80220DBFDB0012143A /* Debug */ = {
			isa = XCBuildConfiguration;
			buildSettings = {
				CLANG_ENABLE_MODULES = YES;
				CODE_SIGN_IDENTITY = "";
				CODE_SIGN_STYLE = Automatic;
				CURRENT_PROJECT_VERSION = 1;
				DEFINES_MODULE = YES;
				DEVELOPMENT_TEAM = S28RBJK28L;
				DYLIB_COMPATIBILITY_VERSION = 1;
				DYLIB_CURRENT_VERSION = 1;
				DYLIB_INSTALL_NAME_BASE = "@rpath";
				INFOPLIST_FILE = "$(SRCROOT)/Supporting Files/Info.plist";
				INSTALL_PATH = "$(LOCAL_LIBRARY_DIR)/Frameworks";
				IPHONEOS_DEPLOYMENT_TARGET = 10.0;
				LD_RUNPATH_SEARCH_PATHS = (
					"$(inherited)",
					"@executable_path/Frameworks",
					"@loader_path/Frameworks",
				);
				PRODUCT_BUNDLE_IDENTIFIER = valitovaza.HelloDependency;
				PRODUCT_NAME = "$(TARGET_NAME:c99extidentifier)";
				SKIP_INSTALL = YES;
				SUPPORTED_PLATFORMS = "iphonesimulator iphoneos macosx";
				SWIFT_OPTIMIZATION_LEVEL = "-Onone";
				SWIFT_VERSION = 4.2;
				TARGETED_DEVICE_FAMILY = "1,2";
				VERSIONING_SYSTEM = "apple-generic";
				VERSION_INFO_PREFIX = "";
			};
			name = Debug;
		};
		56FCBC81220DBFDB0012143A /* Release */ = {
			isa = XCBuildConfiguration;
			buildSettings = {
				CLANG_ENABLE_MODULES = YES;
				CODE_SIGN_IDENTITY = "";
				CODE_SIGN_STYLE = Automatic;
				CURRENT_PROJECT_VERSION = 1;
				DEFINES_MODULE = YES;
				DEVELOPMENT_TEAM = S28RBJK28L;
				DYLIB_COMPATIBILITY_VERSION = 1;
				DYLIB_CURRENT_VERSION = 1;
				DYLIB_INSTALL_NAME_BASE = "@rpath";
				INFOPLIST_FILE = "$(SRCROOT)/Supporting Files/Info.plist";
				INSTALL_PATH = "$(LOCAL_LIBRARY_DIR)/Frameworks";
				IPHONEOS_DEPLOYMENT_TARGET = 10.0;
				LD_RUNPATH_SEARCH_PATHS = (
					"$(inherited)",
					"@executable_path/Frameworks",
					"@loader_path/Frameworks",
				);
				PRODUCT_BUNDLE_IDENTIFIER = valitovaza.HelloDependency;
				PRODUCT_NAME = "$(TARGET_NAME:c99extidentifier)";
				SKIP_INSTALL = YES;
				SUPPORTED_PLATFORMS = "iphonesimulator iphoneos macosx";
				SWIFT_VERSION = 4.2;
				TARGETED_DEVICE_FAMILY = "1,2";
				VERSIONING_SYSTEM = "apple-generic";
				VERSION_INFO_PREFIX = "";
			};
			name = Release;
		};
		56FCBC8D220DC0D10012143A /* Debug */ = {
			isa = XCBuildConfiguration;
			buildSettings = {
				CLANG_ENABLE_MODULES = YES;
				CODE_SIGN_IDENTITY = "Mac Developer";
				CODE_SIGN_STYLE = Automatic;
				COMBINE_HIDPI_IMAGES = YES;
				DEVELOPMENT_TEAM = S28RBJK28L;
				INFOPLIST_FILE = "Supporting Files/HelloDependencyTestsInfo.plist";
				IPHONEOS_DEPLOYMENT_TARGET = 10.0;
				LD_RUNPATH_SEARCH_PATHS = (
					"$(inherited)",
					"@executable_path/../Frameworks",
					"@loader_path/../Frameworks",
				);
				MACOSX_DEPLOYMENT_TARGET = 10.14;
				PRODUCT_BUNDLE_IDENTIFIER = valitovaza.HDependencyTests;
				PRODUCT_NAME = "$(TARGET_NAME)";
				SDKROOT = macosx;
				SWIFT_OPTIMIZATION_LEVEL = "-Onone";
				SWIFT_VERSION = 4.2;
			};
			name = Debug;
		};
		56FCBC8E220DC0D10012143A /* Release */ = {
			isa = XCBuildConfiguration;
			buildSettings = {
				CLANG_ENABLE_MODULES = YES;
				CODE_SIGN_IDENTITY = "Mac Developer";
				CODE_SIGN_STYLE = Automatic;
				COMBINE_HIDPI_IMAGES = YES;
				DEVELOPMENT_TEAM = S28RBJK28L;
				INFOPLIST_FILE = "Supporting Files/HelloDependencyTestsInfo.plist";
				IPHONEOS_DEPLOYMENT_TARGET = 10.0;
				LD_RUNPATH_SEARCH_PATHS = (
					"$(inherited)",
					"@executable_path/../Frameworks",
					"@loader_path/../Frameworks",
				);
				MACOSX_DEPLOYMENT_TARGET = 10.14;
				PRODUCT_BUNDLE_IDENTIFIER = valitovaza.HDependencyTests;
				PRODUCT_NAME = "$(TARGET_NAME)";
				SDKROOT = macosx;
				SWIFT_VERSION = 4.2;
			};
			name = Release;
		};
/* End XCBuildConfiguration section */

/* Begin XCConfigurationList section */
		5698AE4B2217F52300C30724 /* Build configuration list for PBXNativeTarget "Host" */ = {
			isa = XCConfigurationList;
			buildConfigurations = (
				5698AE4C2217F52300C30724 /* Debug */,
				5698AE4D2217F52300C30724 /* Release */,
			);
			defaultConfigurationIsVisible = 0;
			defaultConfigurationName = Release;
		};
		56B58D9F22107159003E61DF /* Build configuration list for PBXNativeTarget "UIKitDependencyHelper" */ = {
			isa = XCConfigurationList;
			buildConfigurations = (
				56B58D9B22107159003E61DF /* Debug */,
				56B58D9C22107159003E61DF /* Release */,
			);
			defaultConfigurationIsVisible = 0;
			defaultConfigurationName = Release;
		};
		56B58DA022107159003E61DF /* Build configuration list for PBXNativeTarget "UIKitDependencyHelperTests" */ = {
			isa = XCConfigurationList;
			buildConfigurations = (
				56B58D9D22107159003E61DF /* Debug */,
				56B58D9E22107159003E61DF /* Release */,
			);
			defaultConfigurationIsVisible = 0;
			defaultConfigurationName = Release;
		};
		56FCBC55220DBF430012143A /* Build configuration list for PBXProject "HelloDependency" */ = {
			isa = XCConfigurationList;
			buildConfigurations = (
				56FCBC6A220DBF450012143A /* Debug */,
				56FCBC6B220DBF450012143A /* Release */,
			);
			defaultConfigurationIsVisible = 0;
			defaultConfigurationName = Release;
		};
		56FCBC6C220DBF450012143A /* Build configuration list for PBXNativeTarget "Demo" */ = {
			isa = XCConfigurationList;
			buildConfigurations = (
				56FCBC6D220DBF450012143A /* Debug */,
				56FCBC6E220DBF450012143A /* Release */,
			);
			defaultConfigurationIsVisible = 0;
			defaultConfigurationName = Release;
		};
		56FCBC7F220DBFDB0012143A /* Build configuration list for PBXNativeTarget "HelloDependency" */ = {
			isa = XCConfigurationList;
			buildConfigurations = (
				56FCBC80220DBFDB0012143A /* Debug */,
				56FCBC81220DBFDB0012143A /* Release */,
			);
			defaultConfigurationIsVisible = 0;
			defaultConfigurationName = Release;
		};
		56FCBC8C220DC0D10012143A /* Build configuration list for PBXNativeTarget "HelloDependencyTests" */ = {
			isa = XCConfigurationList;
			buildConfigurations = (
				56FCBC8D220DC0D10012143A /* Debug */,
				56FCBC8E220DC0D10012143A /* Release */,
			);
			defaultConfigurationIsVisible = 0;
			defaultConfigurationName = Release;
		};
/* End XCConfigurationList section */
	};
	rootObject = 56FCBC52220DBF430012143A /* Project object */;
}
